
Microsoft Visual Studio Solution File, Format Version 12.00
# Visual Studio Version 17
VisualStudioVersion = 17.11.35327.3
MinimumVisualStudioVersion = 10.0.40219.1
Project("{FAE04EC0-301F-11D3-BF4B-00C04F79EFBC}") = "TicTacToe", "TicTacToe\TicTacToe.csproj", "{6883F55F-178D-49CB-879B-9263214E530D}"
EndProject
Global
	GlobalSection(SolutionConfigurationPlatforms) = preSolution
		Debug|Any CPU = Debug|Any CPU
		Release|Any CPU = Release|Any CPU
	EndGlobalSection
	GlobalSection(ProjectConfigurationPlatforms) = postSolution
		{6883F55F-178D-49CB-879B-9263214E530D}.Debug|Any CPU.ActiveCfg = Debug|Any CPU
		{6883F55F-178D-49CB-879B-9263214E530D}.Debug|Any CPU.Build.0 = Debug|Any CPU
		{6883F55F-178D-49CB-879B-9263214E530D}.Debug|Any CPU.Deploy.0 = Debug|Any CPU
		{6883F55F-178D-49CB-879B-9263214E530D}.Release|Any CPU.ActiveCfg = Release|Any CPU
		{6883F55F-178D-49CB-879B-9263214E530D}.Release|Any CPU.Build.0 = Release|Any CPU
		{6883F55F-178D-49CB-879B-9263214E530D}.Release|Any CPU.Deploy.0 = Release|Any CPU
	EndGlobalSection
	GlobalSection(SolutionProperties) = preSolution
		HideSolutionNode = FALSE
	EndGlobalSection
	GlobalSection(ExtensibilityGlobals) = postSolution
		SolutionGuid = {FBD95BEE-020E-45AB-BEB8-144FF4A5C2A4}
	EndGlobalSection
EndGlobal
